<?xml version="1.0" encoding="utf-8"?>
<Project ToolsVersion="4.0" xmlns="http://schemas.microsoft.com/developer/msbuild/2003">
  <ItemGroup>
    <Filter Include="Source Files">
      <UniqueIdentifier>{4FC737F1-C7A5-4376-A066-2A32D752A2FF}</UniqueIdentifier>
      <Extensions>cpp;c;cc;cxx;def;odl;idl;hpj;bat;asm;asmx</Extensions>
    </Filter>
    <Filter Include="Header Files">
      <UniqueIdentifier>{93995380-89BD-4b04-88EB-625FBE52EBFB}</UniqueIdentifier>
      <Extensions>h;hpp;hxx;hm;inl;inc;xsd</Extensions>
    </Filter>
    <Filter Include="Shader Files">
      <UniqueIdentifier>{67DA6AB6-F800-4c08-8B7A-83BB121AAD01}</UniqueIdentifier>
      <Extensions>rc;ico;cur;bmp;dlg;rc2;rct;bin;rgs;gif;jpg;jpeg;jpe;resx;tiff;tif;png;wav</Extensions>
    </Filter>
    <Filter Include="Header Files\Graphics">
      <UniqueIdentifier>{f1b132a6-8648-4726-98d5-0c27f87dfa93}</UniqueIdentifier>
    </Filter>
    <Filter Include="Header Files\Graphics\Models">
      <UniqueIdentifier>{958427b0-b0ab-40ee-ae5c-2297bb71550b}</UniqueIdentifier>
    </Filter>
    <Filter Include="Header Files\Graphics\Shader">
      <UniqueIdentifier>{cd55f9b9-6ed0-4b22-a393-a1cdc3fc5a81}</UniqueIdentifier>
    </Filter>
    <Filter Include="Source Files\Graphics">
      <UniqueIdentifier>{6de11ddb-f32f-45ac-9af4-6a91eeb4893a}</UniqueIdentifier>
    </Filter>
    <Filter Include="Source Files\Graphics\Shader">
      <UniqueIdentifier>{b4f1845d-c16d-4d71-80c6-995472d71c81}</UniqueIdentifier>
    </Filter>
    <Filter Include="Source Files\Graphics\Models">
      <UniqueIdentifier>{0fa76eea-4d34-4604-86ae-95991bc0363f}</UniqueIdentifier>
    </Filter>
    <Filter Include="Header Files\Graphics\Texture">
      <UniqueIdentifier>{46184228-d4fb-4643-b5ce-fae4ebaf54e1}</UniqueIdentifier>
    </Filter>
    <Filter Include="Header Files\Game">
      <UniqueIdentifier>{2d895a33-8fba-492b-99e6-5d029ca57524}</UniqueIdentifier>
    </Filter>
    <Filter Include="Header Files\System">
      <UniqueIdentifier>{7a42fd5b-536d-4254-acfa-e6a71f3e705c}</UniqueIdentifier>
    </Filter>
    <Filter Include="Source Files\Graphics\Texture">
      <UniqueIdentifier>{dcb68b41-6291-4c03-bc7d-9621a2be3e1e}</UniqueIdentifier>
    </Filter>
    <Filter Include="Source Files\Game">
      <UniqueIdentifier>{2c169a11-f4f6-4261-ad81-46aa43ee2c8f}</UniqueIdentifier>
    </Filter>
    <Filter Include="Source Files\System">
      <UniqueIdentifier>{060d98fb-9de8-4291-a49c-b5d28f798fc4}</UniqueIdentifier>
    </Filter>
  </ItemGroup>
  <ItemGroup>
    <ClInclude Include="BumpmapShader.h">
      <Filter>Header Files\Graphics\Shader</Filter>
    </ClInclude>
    <ClInclude Include="ShaderManager.h">
      <Filter>Header Files\Graphics\Shader</Filter>
    </ClInclude>
    <ClInclude Include="LightShader.h">
      <Filter>Header Files\Graphics\Shader</Filter>
    </ClInclude>
    <ClInclude Include="TextureShader.h">
      <Filter>Header Files\Graphics\Shader</Filter>
    </ClInclude>
    <ClInclude Include="Model.h">
      <Filter>Header Files\Graphics\Models</Filter>
    </ClInclude>
    <ClInclude Include="BumpModel.h">
      <Filter>Header Files\Graphics\Models</Filter>
    </ClInclude>
    <ClInclude Include="Camera.h">
      <Filter>Header Files\Graphics</Filter>
    </ClInclude>
    <ClInclude Include="DirectX11.h">
      <Filter>Header Files\Graphics</Filter>
    </ClInclude>
    <ClInclude Include="Graphics.h">
      <Filter>Header Files\Graphics</Filter>
    </ClInclude>
    <ClInclude Include="Texture.h">
      <Filter>Header Files\Graphics\Texture</Filter>
    </ClInclude>
    <ClInclude Include="Font.h">
      <Filter>Header Files\Graphics\Texture</Filter>
    </ClInclude>
    <ClInclude Include="DDSTextureLoader.h">
      <Filter>Header Files\Graphics\Texture</Filter>
    </ClInclude>
    <ClInclude Include="Light.h">
      <Filter>Header Files\Graphics</Filter>
    </ClInclude>
    <ClInclude Include="System.h">
      <Filter>Header Files\System</Filter>
    </ClInclude>
    <ClInclude Include="Input.h">
      <Filter>Header Files\System</Filter>
    </ClInclude>
    <ClInclude Include="Text.h">
      <Filter>Header Files\Graphics</Filter>
    </ClInclude>
    <ClInclude Include="HUD.h">
      <Filter>Header Files\Game</Filter>
    </ClInclude>
    <ClInclude Include="Movement.h">
      <Filter>Header Files\Game</Filter>
    </ClInclude>
    <ClInclude Include="PlayerController.h">
      <Filter>Header Files\Game</Filter>
    </ClInclude>
    <ClInclude Include="Timer.h">
      <Filter>Header Files\System</Filter>
    </ClInclude>
    <ClInclude Include="DepthShader.h">
      <Filter>Header Files\Graphics\Shader</Filter>
    </ClInclude>
    <ClInclude Include="RenderTexture.h">
      <Filter>Header Files\Graphics\Texture</Filter>
    </ClInclude>
    <ClInclude Include="SoftShadowShader.h">
      <Filter>Header Files\Graphics\Shader</Filter>
    </ClInclude>
    <ClInclude Include="HorizontalBlurShader.h">
      <Filter>Header Files\Graphics\Shader</Filter>
    </ClInclude>
    <ClInclude Include="VerticalBlurShader.h">
      <Filter>Header Files\Graphics\Shader</Filter>
    </ClInclude>
    <ClInclude Include="RenderWindow.h">
      <Filter>Header Files\Graphics\Texture</Filter>
    </ClInclude>
    <ClInclude Include="PositionalShadowShader.h">
      <Filter>Header Files\Graphics\Shader</Filter>
    </ClInclude>
    <ClInclude Include="SkyboxShader.h">
      <Filter>Header Files\Graphics\Shader</Filter>
    </ClInclude>
    <ClInclude Include="DirectionalShadowShader.h">
      <Filter>Header Files\Graphics\Shader</Filter>
    </ClInclude>
    <ClInclude Include="Skybox.h">
      <Filter>Header Files\Graphics\Models</Filter>
    </ClInclude>
    <ClInclude Include="WaterShader.h">
      <Filter>Header Files\Graphics\Shader</Filter>
    </ClInclude>
    <ClInclude Include="RefractionShader.h">
      <Filter>Header Files\Graphics\Shader</Filter>
    </ClInclude>
  </ItemGroup>
  <ItemGroup>
    <ClCompile Include="BumpmapShader.cpp">
      <Filter>Source Files\Graphics\Shader</Filter>
    </ClCompile>
    <ClCompile Include="LightShader.cpp">
      <Filter>Source Files\Graphics\Shader</Filter>
    </ClCompile>
    <ClCompile Include="TextureShader.cpp">
      <Filter>Source Files\Graphics\Shader</Filter>
    </ClCompile>
    <ClCompile Include="ShaderManager.cpp">
      <Filter>Source Files\Graphics\Shader</Filter>
    </ClCompile>
    <ClCompile Include="BumpModel.cpp">
      <Filter>Source Files\Graphics\Models</Filter>
    </ClCompile>
    <ClCompile Include="DDSTextureLoader.cpp">
      <Filter>Source Files\Graphics\Texture</Filter>
    </ClCompile>
    <ClCompile Include="Font.cpp">
      <Filter>Source Files\Graphics\Texture</Filter>
    </ClCompile>
    <ClCompile Include="Graphics.cpp">
      <Filter>Source Files\Graphics</Filter>
    </ClCompile>
    <ClCompile Include="Camera.cpp">
      <Filter>Source Files\Graphics</Filter>
    </ClCompile>
    <ClCompile Include="DirectX11.cpp">
      <Filter>Source Files\Graphics</Filter>
    </ClCompile>
    <ClCompile Include="Input.cpp">
      <Filter>Source Files\System</Filter>
    </ClCompile>
    <ClCompile Include="HUD.cpp">
      <Filter>Source Files\Game</Filter>
    </ClCompile>
    <ClCompile Include="Light.cpp">
      <Filter>Source Files\Graphics</Filter>
    </ClCompile>
    <ClCompile Include="PlayerController.cpp">
      <Filter>Source Files\Game</Filter>
    </ClCompile>
    <ClCompile Include="Movement.cpp">
      <Filter>Source Files\Game</Filter>
    </ClCompile>
    <ClCompile Include="System.cpp">
      <Filter>Source Files\System</Filter>
    </ClCompile>
    <ClCompile Include="main.cpp">
      <Filter>Source Files\System</Filter>
    </ClCompile>
    <ClCompile Include="Text.cpp">
      <Filter>Source Files\Graphics</Filter>
    </ClCompile>
    <ClCompile Include="Texture.cpp">
      <Filter>Source Files\Graphics\Texture</Filter>
    </ClCompile>
    <ClCompile Include="Timer.cpp">
      <Filter>Source Files\System</Filter>
    </ClCompile>
    <ClCompile Include="Model.cpp">
      <Filter>Source Files\Graphics\Models</Filter>
    </ClCompile>
    <ClCompile Include="DepthShader.cpp">
      <Filter>Source Files\Graphics\Shader</Filter>
    </ClCompile>
    <ClCompile Include="RenderTexture.cpp">
      <Filter>Source Files\Graphics\Texture</Filter>
    </ClCompile>
    <ClCompile Include="HorizontalBlurShader.cpp">
      <Filter>Source Files\Graphics\Shader</Filter>
    </ClCompile>
    <ClCompile Include="SoftShadowShader.cpp">
      <Filter>Source Files\Graphics\Shader</Filter>
    </ClCompile>
    <ClCompile Include="VerticalBlurShader.cpp">
      <Filter>Source Files\Graphics\Shader</Filter>
    </ClCompile>
    <ClCompile Include="RenderWindow.cpp">
      <Filter>Source Files\Graphics\Texture</Filter>
    </ClCompile>
    <ClCompile Include="PositionalShadowShader.cpp">
      <Filter>Source Files\Graphics\Shader</Filter>
    </ClCompile>
    <ClCompile Include="DirectionalShadowShader.cpp">
      <Filter>Source Files\Graphics\Shader</Filter>
    </ClCompile>
    <ClCompile Include="SkyboxShader.cpp">
      <Filter>Source Files\Graphics\Shader</Filter>
    </ClCompile>
    <ClCompile Include="Skybox.cpp">
      <Filter>Source Files\Graphics\Models</Filter>
    </ClCompile>
    <ClCompile Include="RefractionShader.cpp">
      <Filter>Source Files\Graphics\Shader</Filter>
    </ClCompile>
    <ClCompile Include="WaterShader.cpp">
      <Filter>Source Files\Graphics\Shader</Filter>
    </ClCompile>
  </ItemGroup>
  <ItemGroup>
    <None Include="ClassDiagram.cd" />
    <None Include="texture.ps">
      <Filter>Shader Files</Filter>
    </None>
    <None Include="texture.vs">
      <Filter>Shader Files</Filter>
    </None>
    <None Include="verticalblur.ps">
      <Filter>Shader Files</Filter>
    </None>
    <None Include="verticalblur.vs">
      <Filter>Shader Files</Filter>
    </None>
    <None Include="bumpmap.ps">
      <Filter>Shader Files</Filter>
    </None>
    <None Include="bumpmap.vs">
      <Filter>Shader Files</Filter>
    </None>
    <None Include="depth.ps">
      <Filter>Shader Files</Filter>
    </None>
    <None Include="depth.vs">
      <Filter>Shader Files</Filter>
    </None>
    <None Include="horizontalblur.ps">
      <Filter>Shader Files</Filter>
    </None>
    <None Include="horizontalblur.vs">
      <Filter>Shader Files</Filter>
    </None>
    <None Include="light.ps">
      <Filter>Shader Files</Filter>
    </None>
    <None Include="light.vs">
      <Filter>Shader Files</Filter>
    </None>
    <None Include="softshadow.ps">
      <Filter>Shader Files</Filter>
    </None>
    <None Include="softshadow.vs">
      <Filter>Shader Files</Filter>
    </None>
    <None Include="positionalshadow.ps">
      <Filter>Shader Files</Filter>
    </None>
    <None Include="positionalshadow.vs">
      <Filter>Shader Files</Filter>
    </None>
    <None Include="directionalshadow.ps">
      <Filter>Shader Files</Filter>
    </None>
    <None Include="directionalshadow.vs">
      <Filter>Shader Files</Filter>
    </None>
    <None Include="skybox.vs">
      <Filter>Shader Files</Filter>
    </None>
    <None Include="skybox.ps">
      <Filter>Shader Files</Filter>
    </None>
    <None Include="water.vs">
      <Filter>Shader Files</Filter>
    </None>
    <None Include="water.ps">
      <Filter>Shader Files</Filter>
    </None>
    <None Include="refraction.vs">
      <Filter>Shader Files</Filter>
    </None>
    <None Include="refraction.ps">
      <Filter>Shader Files</Filter>
    </None>
  </ItemGroup>
</Project>